# THIS IS AN AUTOGENERATED FILE. DO NOT EDIT THIS FILE DIRECTLY.
# yarn lockfile v1


jquery@^3.5.0:
  version "3.5.0"
  resolved "https://registry.yarnpkg.com/jquery/-/jquery-3.5.0.tgz#9980b97d9e4194611c36530e7dc46a58d7340fc9"
  integrity sha512-Xb7SVYMvygPxbFMpTFQiHh1J7HClEaThguL15N/Gg37Lri/qKyhRGZYzHRyLH8Stq3Aow0LsHO2O2ci86fCrNQ==

prettier@^1.18.2:
  version "1.18.2"
  resolved "https://registry.yarnpkg.com/prettier/-/prettier-1.18.2.tgz#6823e7c5900017b4bd3acf46fe9ac4b4d7bda9ea"
  integrity sha512-OeHeMc0JhFE9idD4ZdtNibzY0+TPHSpSSb9h8FqtP+YnoZZ1sl8Vc9b1sasjfymH3SonAF4QcA2+mzHPhMvIiw==

ramda@^0.26.1:
  version "0.26.1"
  resolved "https://registry.yarnpkg.com/ramda/-/ramda-0.26.1.tgz#8d41351eb8111c55353617fc3bbffad8e4d35d06"
  integrity sha512-hLWjpy7EnsDBb0p+Z3B7rPi3GDeRG5ZtiI33kJhTt+ORCd38AbAIjB/9zRIUoeTbE/AVX5ZkU7m6bznsvrf8eQ==

sanctuary-def@0.20.0:
  version "0.20.0"
  resolved "https://registry.yarnpkg.com/sanctuary-def/-/sanctuary-def-0.20.0.tgz#bcecc9a1469c025467ea31f0ec6228ed56962bb3"
  integrity sha512-BjDwAq+4aHZhKyOR35oVfVkCOLfKMOVw6UqQfkzL/Ul5G290J0nITSmnM9fP6EaH2rV/0quR7wgoCgX5Um5YGg==
  dependencies:
    sanctuary-either "1.1.0"
    sanctuary-show "1.0.x"
    sanctuary-type-classes "11.0.x"
    sanctuary-type-identifiers "2.0.x"

sanctuary-either@1.1.0:
  version "1.1.0"
  resolved "https://registry.yarnpkg.com/sanctuary-either/-/sanctuary-either-1.1.0.tgz#9d45b344d870c16fc72f574feec1744dc50f4e1f"
  integrity sha512-tQewdQTPKzuJGahV5iuILJM96I+AfIFn3vpi0s2FhHYENbRqO4JeFSWLNT1mJ9SupSJBopgWefWeUjq/ZKfdtg==
  dependencies:
    sanctuary-show "1.0.x"
    sanctuary-type-classes "10.0.0"

sanctuary-either@1.2.0:
  version "1.2.0"
  resolved "https://registry.yarnpkg.com/sanctuary-either/-/sanctuary-either-1.2.0.tgz#3126196a2067ea4a9b1de6b6c4c045504059a44b"
  integrity sha512-CFUK0OOGAe+t+Ct4yVLfkJPABIkplCvIgCOFIJZ+lIMNAeJrSaVacrZVqRErt4YKzDs42ZXecAEpoDL8rRAfsQ==
  dependencies:
    sanctuary-show "1.0.x"
    sanctuary-type-classes "11.0.0"

sanctuary-maybe@1.2.0:
  version "1.2.0"
  resolved "https://registry.yarnpkg.com/sanctuary-maybe/-/sanctuary-maybe-1.2.0.tgz#e994825d62f6d5a3c60771e859261b08c517acc5"
  integrity sha512-SH4dkyrruJe84/q8YMjc6kWyGbqPH6clM6yfJ/iosQZm+bGK2XPgcPs1yDN0U0zm1JzJ563zdwn64W+aMw5CDw==
  dependencies:
    sanctuary-show "1.0.x"
    sanctuary-type-classes "11.0.0"

sanctuary-pair@1.2.0:
  version "1.2.0"
  resolved "https://registry.yarnpkg.com/sanctuary-pair/-/sanctuary-pair-1.2.0.tgz#2538dbdac011594fd601ca1112e83cb5083bc865"
  integrity sha512-bPu+uFxFE2RP3hLlC6SRMsm4A2aEwHkDwHWuvGzHxYaclGnHCrHy0ykRTuR0Pgqy/ZlWl6zy+8Tek3jME3du6A==
  dependencies:
    sanctuary-show "1.0.x"
    sanctuary-type-classes "11.0.0"

sanctuary-show@1.0.0, sanctuary-show@1.0.x:
  version "1.0.0"
  resolved "https://registry.yarnpkg.com/sanctuary-show/-/sanctuary-show-1.0.0.tgz#72deb4812f9decec850e03286807dca1c97a1d61"
  integrity sha512-63UqNGr5M6wkzKp6eGc/Gy6JBIV2PbzPd3q88+0F9z0qydAQsCWJ+7e4oor39rEEwj2GkZMDEhqGuiMl9eEnYw==

sanctuary-type-classes@10.0.0:
  version "10.0.0"
  resolved "https://registry.yarnpkg.com/sanctuary-type-classes/-/sanctuary-type-classes-10.0.0.tgz#25126f009348101dbe627c7b7efb7c6f63f792b1"
  integrity sha512-h5Q1VkW/CmVbmoWDf6HdsgJbx5gc3n6R5lRzzKRssYSkghmqEuAr+0ThJs/bqJK8aiQwh3N2PXP4ZppYEDlSdg==
  dependencies:
    sanctuary-type-identifiers "2.0.1"

sanctuary-type-classes@11.0.0, sanctuary-type-classes@11.0.x:
  version "11.0.0"
  resolved "https://registry.yarnpkg.com/sanctuary-type-classes/-/sanctuary-type-classes-11.0.0.tgz#f7f752a846aad057d894183a20169bc593ddb039"
  integrity sha512-J9vfS19C9TSd0pIxz7dza0krxUGoo7LYdwQzkmO7zEsbzmPEwbB3HByLgN/zI+QYd0m08IdohAzYJSAd89Fdqg==
  dependencies:
    sanctuary-type-identifiers "2.0.1"

sanctuary-type-identifiers@2.0.1, sanctuary-type-identifiers@2.0.x:
  version "2.0.1"
  resolved "https://registry.yarnpkg.com/sanctuary-type-identifiers/-/sanctuary-type-identifiers-2.0.1.tgz#fc524cf6dd92cebfcbb0dd9509eff193159a20ed"
  integrity sha1-/FJM9t2Szr/LsN2VCe/xkxWaIO0=

sanctuary@^2.0.0:
  version "2.0.0"
  resolved "https://registry.yarnpkg.com/sanctuary/-/sanctuary-2.0.0.tgz#71c2e8af7cfe034ece2c7a932232ba917a03dd0f"
  integrity sha512-FYjhCKBS7meY4Lrjsx7CL+2+qnCsgUqJUvFYoLU7ahiGM8LqTOkhAtdGZGG+bhCIP0iCEfDWRq35pQJTfmtFrg==
  dependencies:
    sanctuary-def "0.20.0"
    sanctuary-either "1.2.0"
    sanctuary-maybe "1.2.0"
    sanctuary-pair "1.2.0"
    sanctuary-show "1.0.0"
    sanctuary-type-classes "11.0.0"
    sanctuary-type-identifiers "2.0.1"
